
Microsoft Visual Studio Solution File, Format Version 12.00
# Visual Studio Version 17
VisualStudioVersion = 17.7.34009.444
MinimumVisualStudioVersion = 10.0.40219.1
Project("{FAE04EC0-301F-11D3-BF4B-00C04F79EFBC}") = "Why Expression Trees Are Cool(EntityFramework)", "Why Expression Trees Are Cool(EntityFramework)\Why Expression Trees Are Cool(EntityFramework).csproj", "{35DFCC8B-B81B-4642-B085-06991417BEBF}"
EndProject
Global
	GlobalSection(SolutionConfigurationPlatforms) = preSolution
		Debug|Any CPU = Debug|Any CPU
		Release|Any CPU = Release|Any CPU
	EndGlobalSection
	GlobalSection(ProjectConfigurationPlatforms) = postSolution
		{35DFCC8B-B81B-4642-B085-06991417BEBF}.Debug|Any CPU.ActiveCfg = Debug|Any CPU
		{35DFCC8B-B81B-4642-B085-06991417BEBF}.Debug|Any CPU.Build.0 = Debug|Any CPU
		{35DFCC8B-B81B-4642-B085-06991417BEBF}.Release|Any CPU.ActiveCfg = Release|Any CPU
		{35DFCC8B-B81B-4642-B085-06991417BEBF}.Release|Any CPU.Build.0 = Release|Any CPU
	EndGlobalSection
	GlobalSection(SolutionProperties) = preSolution
		HideSolutionNode = FALSE
	EndGlobalSection
	GlobalSection(ExtensibilityGlobals) = postSolution
		SolutionGuid = {F25A2A17-9768-464E-AF9D-4D5D06000685}
	EndGlobalSection
EndGlobal
